{
  "R": {
    "Version": "4.1.2",
    "Repositories": [
      {
        "Name": "CRAN",
        "URL": "https://cran.rstudio.com"
      }
    ]
  },
  "Bioconductor": {
    "Version": "3.14"
  },
  "Packages": {
    "AnnotationDbi": {
      "Package": "AnnotationDbi",
      "Version": "1.56.2",
      "Source": "Bioconductor",
      "Hash": "ae553c2779c85946f1452919cc3e71e3"
    },
    "BH": {
      "Package": "BH",
      "Version": "1.78.0-0",
      "Source": "Repository",
      "Repository": "CRAN",
      "Hash": "4e348572ffcaa2fb1e610e7a941f6f3a"
    },
    "Biobase": {
      "Package": "Biobase",
      "Version": "2.54.0",
      "Source": "Bioconductor",
      "Hash": "767057b0e2897e2a43b59718be888ccd"
    },
    "BiocFileCache": {
      "Package": "BiocFileCache",
      "Version": "2.2.0",
      "Source": "Bioconductor",
      "Hash": "037277ba19acdb5cf4573532dfb20f76"
    },
    "BiocGenerics": {
      "Package": "BiocGenerics",
      "Version": "0.40.0",
      "Source": "Bioconductor",
      "Hash": "ddc1d29bbe66aaef34b0d17620b61a69"
    },
    "BiocManager": {
      "Package": "BiocManager",
      "Version": "1.30.16",
      "Source": "Repository",
      "Repository": "CRAN",
      "Hash": "2fdca0877debdd4668190832cdee4c31"
    },
    "BiocParallel": {
      "Package": "BiocParallel",
      "Version": "1.28.3",
      "Source": "Bioconductor",
      "Hash": "460c266560eefcf641c3d7c5169e5bb3"
    },
    "BiocVersion": {
      "Package": "BiocVersion",
      "Version": "3.14.0",
      "Source": "Bioconductor",
      "Hash": "e57437f82a5c13263a9cf442b9796ba3"
    },
    "Biostrings": {
      "Package": "Biostrings",
      "Version": "2.62.0",
      "Source": "Bioconductor",
      "Hash": "a2b71046a5e013f4929b85937392a1f9"
    },
    "Cairo": {
      "Package": "Cairo",
      "Version": "1.5-14",
      "Source": "Repository",
      "Repository": "CRAN",
      "Hash": "4867e655c701a864e949162b4e633c85"
    },
    "DBI": {
      "Package": "DBI",
      "Version": "1.1.2",
      "Source": "Repository",
      "Repository": "CRAN",
      "Hash": "dcd1743af4336156873e3ce3c950b8b9"
    },
    "DESeq2": {
      "Package": "DESeq2",
      "Version": "1.34.0",
      "Source": "Bioconductor",
      "Hash": "9f66edf50ad856a56a804a451ce7b3bc"
    },
    "DelayedArray": {
      "Package": "DelayedArray",
      "Version": "0.20.0",
      "Source": "Bioconductor",
      "Hash": "8400bc4ac5cf78a44eefa2395a2ed782"
    },
    "EnhancedVolcano": {
      "Package": "EnhancedVolcano",
      "Version": "1.12.0",
      "Source": "Bioconductor",
      "Hash": "19ab212b6e6acb3c66e38ce6f5ca8ed2"
    },
    "GO.db": {
      "Package": "GO.db",
      "Version": "3.14.0",
      "Source": "Bioconductor",
      "Hash": "ed4177b5fca84cd5833e33615b115382"
    },
    "GSEABase": {
      "Package": "GSEABase",
      "Version": "1.56.0",
      "Source": "Bioconductor",
      "Hash": "014d9018b21520b4c335927b4866fa67"
    },
    "GenomeInfoDb": {
      "Package": "GenomeInfoDb",
      "Version": "1.30.0",
      "Source": "Bioconductor",
      "Hash": "60675b8b38328ccf13406f136c0cf1ee"
    },
    "GenomeInfoDbData": {
      "Package": "GenomeInfoDbData",
      "Version": "1.2.7",
      "Source": "Bioconductor",
      "Hash": "89e8144e21da34e26b7c05945cefa3ca"
    },
    "GenomicRanges": {
      "Package": "GenomicRanges",
      "Version": "1.46.1",
      "Source": "Bioconductor",
      "Hash": "4d9cdd0c25e0c40075a2756aa78f4960"
    },
    "IRanges": {
      "Package": "IRanges",
      "Version": "2.28.0",
      "Source": "Bioconductor",
      "Hash": "8299b0f981c924a2b824be548f836e9d"
    },
    "KEGGREST": {
      "Package": "KEGGREST",
      "Version": "1.34.0",
      "Source": "Bioconductor",
      "Hash": "01d7ab3deeee1307b7dfa8eafae2a106"
    },
    "KernSmooth": {
      "Package": "KernSmooth",
      "Version": "2.23-20",
      "Source": "Repository",
      "Repository": "CRAN",
      "Hash": "8dcfa99b14c296bc9f1fd64d52fd3ce7"
    },
    "MASS": {
      "Package": "MASS",
      "Version": "7.3-54",
      "Source": "Repository",
      "Repository": "CRAN",
      "Hash": "0e59129db205112e3963904db67fd0dc"
    },
    "Matrix": {
      "Package": "Matrix",
      "Version": "1.4-0",
      "Source": "Repository",
      "Repository": "CRAN",
      "Hash": "130c0caba175739d98f2963c6a407cf6"
    },
    "MatrixGenerics": {
      "Package": "MatrixGenerics",
      "Version": "1.6.0",
      "Source": "Bioconductor",
      "Hash": "506b92cb263d9e014a391b41939badcf"
    },
    "R.methodsS3": {
      "Package": "R.methodsS3",
      "Version": "1.8.1",
      "Source": "Repository",
      "Repository": "CRAN",
      "Hash": "4bf6453323755202d5909697b6f7c109"
    },
    "R.oo": {
      "Package": "R.oo",
      "Version": "1.24.0",
      "Source": "Repository",
      "Repository": "CRAN",
      "Hash": "5709328352717e2f0a9c012be8a97554"
    },
    "R.utils": {
      "Package": "R.utils",
      "Version": "2.11.0",
      "Source": "Repository",
      "Repository": "CRAN",
      "Hash": "a7ecb8e60815c7a18648e84cd121b23a"
    },
    "R6": {
      "Package": "R6",
      "Version": "2.5.1",
      "Source": "Repository",
      "Repository": "CRAN",
      "Hash": "470851b6d5d0ac559e9d01bb352b4021"
    },
    "RColorBrewer": {
      "Package": "RColorBrewer",
      "Version": "1.1-2",
      "Source": "Repository",
      "Repository": "CRAN",
      "Hash": "e031418365a7f7a766181ab5a41a5716"
    },
    "RCurl": {
      "Package": "RCurl",
      "Version": "1.98-1.5",
      "Source": "Repository",
      "Repository": "CRAN",
      "Hash": "5cc50d9d40a284cb8b1c8604901acf89"
    },
    "RSQLite": {
      "Package": "RSQLite",
      "Version": "2.2.9",
      "Source": "Repository",
      "Repository": "CRAN",
      "Hash": "10d7d118b5ad61a9a02b5cbf36119ac4"
    },
    "Rcpp": {
      "Package": "Rcpp",
      "Version": "1.0.7",
      "Source": "Repository",
      "Repository": "CRAN",
      "Hash": "dab19adae4440ae55aa8a9d238b246bb"
    },
    "RcppArmadillo": {
      "Package": "RcppArmadillo",
      "Version": "0.10.7.5.0",
      "Source": "Repository",
      "Repository": "CRAN",
      "Hash": "14ad1fed2ee50fbfdfd52ace20eb02d0"
    },
    "Rttf2pt1": {
      "Package": "Rttf2pt1",
      "Version": "1.3.9",
      "Source": "Repository",
      "Repository": "CRAN",
      "Hash": "da6ab407fa2e5e498ac980f92798cfed"
    },
    "S4Vectors": {
      "Package": "S4Vectors",
      "Version": "0.32.3",
      "Source": "Bioconductor",
      "Hash": "7c01112d4a7528159c335b486a046101"
    },
    "SQUAREM": {
      "Package": "SQUAREM",
      "Version": "2021.1",
      "Source": "Repository",
      "Repository": "CRAN",
      "Hash": "0cf10dab0d023d5b46a5a14387556891"
    },
    "SummarizedExperiment": {
      "Package": "SummarizedExperiment",
      "Version": "1.24.0",
      "Source": "Bioconductor",
      "Hash": "619feb3635b27a198477316a033b1ea8"
    },
    "XML": {
      "Package": "XML",
      "Version": "3.99-0.8",
      "Source": "Repository",
      "Repository": "CRAN",
      "Hash": "d493b952a9073c62f72392a673d7c548"
    },
    "XVector": {
      "Package": "XVector",
      "Version": "0.34.0",
      "Source": "Bioconductor",
      "Hash": "9830cb6fc09640591c2f6436467af3c5"
    },
    "annotate": {
      "Package": "annotate",
      "Version": "1.72.0",
      "Source": "Bioconductor",
      "Hash": "885c32b60eab51236e4afe8921049ff1"
    },
    "ash": {
      "Package": "ash",
      "Version": "1.0-15",
      "Source": "Repository",
      "Repository": "CRAN",
      "Hash": "e16751c399be6260ddf41f8148a3f8ef"
    },
    "ashr": {
      "Package": "ashr",
      "Version": "2.2-47",
      "Source": "Repository",
      "Repository": "CRAN",
      "Hash": "c42c5b53d51fa85e3d4267b307f9e9e4"
    },
    "askpass": {
      "Package": "askpass",
      "Version": "1.1",
      "Source": "Repository",
      "Repository": "CRAN",
      "Hash": "e8a22846fff485f0be3770c2da758713"
    },
    "assertthat": {
      "Package": "assertthat",
      "Version": "0.2.1",
      "Source": "Repository",
      "Repository": "CRAN",
      "Hash": "50c838a310445e954bc13f26f26a6ecf"
    },
    "babelgene": {
      "Package": "babelgene",
      "Version": "21.4",
      "Source": "Repository",
      "Repository": "CRAN",
      "Hash": "8838e25ab68b381e3f9b3ac14cd88575"
    },
    "base64enc": {
      "Package": "base64enc",
      "Version": "0.1-3",
      "Source": "Repository",
      "Repository": "CRAN",
      "Hash": "543776ae6848fde2f48ff3816d0628bc"
    },
    "beeswarm": {
      "Package": "beeswarm",
      "Version": "0.4.0",
      "Source": "Repository",
      "Repository": "CRAN",
      "Hash": "0f4e9d8caa6feaa7e409ae6c30f2ca66"
    },
    "biomaRt": {
      "Package": "biomaRt",
      "Version": "2.50.1",
      "Source": "Bioconductor",
      "Hash": "86179e7db40b1081f4a8a0ac9434142a"
    },
    "biomartr": {
      "Package": "biomartr",
      "Version": "0.9.2",
      "Source": "Repository",
      "Repository": "CRAN",
      "Hash": "86c97ab29e9286e06a01c414d8fc1a0c"
    },
    "bit": {
      "Package": "bit",
      "Version": "4.0.4",
      "Source": "Repository",
      "Repository": "CRAN",
      "Hash": "f36715f14d94678eea9933af927bc15d"
    },
    "bit64": {
      "Package": "bit64",
      "Version": "4.0.5",
      "Source": "Repository",
      "Repository": "CRAN",
      "Hash": "9fe98599ca456d6552421db0d6772d8f"
    },
    "bitops": {
      "Package": "bitops",
      "Version": "1.0-7",
      "Source": "Repository",
      "Repository": "CRAN",
      "Hash": "b7d8d8ee39869c18d8846a184dd8a1af"
    },
    "blob": {
      "Package": "blob",
      "Version": "1.2.2",
      "Source": "Repository",
      "Repository": "CRAN",
      "Hash": "dc5f7a6598bb025d20d66bb758f12879"
    },
    "caTools": {
      "Package": "caTools",
      "Version": "1.18.2",
      "Source": "Repository",
      "Repository": "CRAN",
      "Hash": "34d90fa5845004236b9eacafc51d07b2"
    },
    "cachem": {
      "Package": "cachem",
      "Version": "1.0.6",
      "Source": "Repository",
      "Repository": "CRAN",
      "Hash": "648c5b3d71e6a37e3043617489a0a0e9"
    },
    "cellranger": {
      "Package": "cellranger",
      "Version": "1.1.0",
      "Source": "Repository",
      "Repository": "CRAN",
      "Hash": "f61dbaec772ccd2e17705c1e872e9e7c"
    },
    "cli": {
      "Package": "cli",
      "Version": "3.1.0",
      "Source": "Repository",
      "Repository": "CRAN",
      "Hash": "66a3834e54593c89d8beefb312347e58"
    },
    "clipr": {
      "Package": "clipr",
      "Version": "0.7.1",
      "Source": "Repository",
      "Repository": "CRAN",
      "Hash": "ebaa97ac99cc2daf04e77eecc7b781d7"
    },
    "colorspace": {
      "Package": "colorspace",
      "Version": "2.0-2",
      "Source": "Repository",
      "Repository": "CRAN",
      "Hash": "6baccb763ee83c0bd313460fdb8b8a84"
    },
    "cpp11": {
      "Package": "cpp11",
      "Version": "0.4.2",
      "Source": "Repository",
      "Repository": "CRAN",
      "Hash": "fa53ce256cd280f468c080a58ea5ba8c"
    },
    "crayon": {
      "Package": "crayon",
      "Version": "1.4.2",
      "Source": "Repository",
      "Repository": "CRAN",
      "Hash": "0a6a65d92bd45b47b94b84244b528d17"
    },
    "crosstalk": {
      "Package": "crosstalk",
      "Version": "1.2.0",
      "Source": "Repository",
      "Repository": "CRAN",
      "Hash": "6aa54f69598c32177e920eb3402e8293"
    },
    "curl": {
      "Package": "curl",
      "Version": "4.3.2",
      "Source": "Repository",
      "Repository": "CRAN",
      "Hash": "022c42d49c28e95d69ca60446dbabf88"
    },
    "data.table": {
      "Package": "data.table",
      "Version": "1.14.2",
      "Source": "Repository",
      "Repository": "CRAN",
      "Hash": "36b67b5adf57b292923f5659f5f0c853"
    },
    "dbplyr": {
      "Package": "dbplyr",
      "Version": "2.1.1",
      "Source": "Repository",
      "Repository": "CRAN",
      "Hash": "1f37fa4ab2f5f7eded42f78b9a887182"
    },
    "digest": {
      "Package": "digest",
      "Version": "0.6.29",
      "Source": "Repository",
      "Repository": "CRAN",
      "Hash": "cf6b206a045a684728c3267ef7596190"
    },
    "downloader": {
      "Package": "downloader",
      "Version": "0.4",
      "Source": "Repository",
      "Repository": "CRAN",
      "Hash": "f4f2a915e0dedbdf016a83b63477349f"
    },
    "dplyr": {
      "Package": "dplyr",
      "Version": "1.0.7",
      "Source": "Repository",
      "Repository": "CRAN",
      "Hash": "36f1ae62f026c8ba9f9b5c9a08c03297"
    },
    "ellipsis": {
      "Package": "ellipsis",
      "Version": "0.3.2",
      "Source": "Repository",
      "Repository": "CRAN",
      "Hash": "bb0eec2fe32e88d9e2836c2f73ea2077"
    },
    "etrunct": {
      "Package": "etrunct",
      "Version": "0.1",
      "Source": "Repository",
      "Repository": "CRAN",
      "Hash": "d1cdcd7d3ee4de411b7a29877a5e322a"
    },
    "evaluate": {
      "Package": "evaluate",
      "Version": "0.14",
      "Source": "Repository",
      "Repository": "CRAN",
      "Hash": "ec8ca05cffcc70569eaaad8469d2a3a7"
    },
    "extrafont": {
      "Package": "extrafont",
      "Version": "0.17",
      "Source": "Repository",
      "Repository": "CRAN",
      "Hash": "7f2f50e8f998a4bea4b04650fc4f2ca8"
    },
    "extrafontdb": {
      "Package": "extrafontdb",
      "Version": "1.0",
      "Source": "Repository",
      "Repository": "CRAN",
      "Hash": "a861555ddec7451c653b40e713166c6f"
    },
    "fansi": {
      "Package": "fansi",
      "Version": "0.5.0",
      "Source": "Repository",
      "Repository": "CRAN",
      "Hash": "d447b40982c576a72b779f0a3b3da227"
    },
    "farver": {
      "Package": "farver",
      "Version": "2.1.0",
      "Source": "Repository",
      "Repository": "CRAN",
      "Hash": "c98eb5133d9cb9e1622b8691487f11bb"
    },
    "fastmap": {
      "Package": "fastmap",
      "Version": "1.1.0",
      "Source": "Repository",
      "Repository": "CRAN",
      "Hash": "77bd60a6157420d4ffa93b27cf6a58b8"
    },
    "fastmatch": {
      "Package": "fastmatch",
      "Version": "1.1-3",
      "Source": "Repository",
      "Repository": "CRAN",
      "Hash": "dabc225759a2c2b241e60e42bf0e8e54"
    },
    "fgsea": {
      "Package": "fgsea",
      "Version": "1.20.0",
      "Source": "Bioconductor",
      "Hash": "a4913104166e73957fa32d2e595cceef"
    },
    "filelock": {
      "Package": "filelock",
      "Version": "1.0.2",
      "Source": "Repository",
      "Repository": "CRAN",
      "Hash": "38ec653c2613bed60052ba3787bd8a2c"
    },
    "formatR": {
      "Package": "formatR",
      "Version": "1.11",
      "Source": "Repository",
      "Repository": "CRAN",
      "Hash": "2590a6a868515a69f258640a51b724c9"
    },
    "fs": {
      "Package": "fs",
      "Version": "1.5.2",
      "Source": "Repository",
      "Repository": "CRAN",
      "Hash": "7c89603d81793f0d5486d91ab1fc6f1d"
    },
    "futile.logger": {
      "Package": "futile.logger",
      "Version": "1.4.3",
      "Source": "Repository",
      "Repository": "CRAN",
      "Hash": "99f0ace8c05ec7d3683d27083c4f1e7e"
    },
    "futile.options": {
      "Package": "futile.options",
      "Version": "1.0.1",
      "Source": "Repository",
      "Repository": "CRAN",
      "Hash": "0d9bf02413ddc2bbe8da9ce369dcdd2b"
    },
    "genefilter": {
      "Package": "genefilter",
      "Version": "1.76.0",
      "Source": "Bioconductor",
      "Hash": "0ef8e3dec95ba3b7499e8758a2415619"
    },
    "geneplotter": {
      "Package": "geneplotter",
      "Version": "1.72.0",
      "Source": "Bioconductor",
      "Hash": "58dd1ac308d099f502a0eebe5bf714fa"
    },
    "generics": {
      "Package": "generics",
      "Version": "0.1.1",
      "Source": "Repository",
      "Repository": "CRAN",
      "Hash": "3f6bcfb0ee5d671d9fd1893d2faa79cb"
    },
    "ggalt": {
      "Package": "ggalt",
      "Version": "0.4.0",
      "Source": "Repository",
      "Repository": "CRAN",
      "Hash": "bae53c310be0adce98458355c38ef1bf"
    },
    "ggbeeswarm": {
      "Package": "ggbeeswarm",
      "Version": "0.6.0",
      "Source": "Repository",
      "Repository": "CRAN",
      "Hash": "dd68b9b215b2d3119603549a794003c3"
    },
    "ggplot2": {
      "Package": "ggplot2",
      "Version": "3.3.5",
      "Source": "Repository",
      "Repository": "CRAN",
      "Hash": "d7566c471c7b17e095dd023b9ef155ad"
    },
    "ggrastr": {
      "Package": "ggrastr",
      "Version": "1.0.1",
      "Source": "Repository",
      "Repository": "CRAN",
      "Hash": "8dabdab0c31adb630b6e0fabfdc0968d"
    },
    "ggrepel": {
      "Package": "ggrepel",
      "Version": "0.9.1",
      "Source": "Repository",
      "Repository": "CRAN",
      "Hash": "08ab869f37e6a7741a64ab9069bcb67d"
    },
    "glue": {
      "Package": "glue",
      "Version": "1.6.0",
      "Source": "Repository",
      "Repository": "CRAN",
      "Hash": "b8bb7aaf248e45bac08ebed86f3a0aa4"
    },
    "gplots": {
      "Package": "gplots",
      "Version": "3.1.1",
      "Source": "Repository",
      "Repository": "CRAN",
      "Hash": "e65e5d5dea4cbb9ba822dcd782b2ee1f"
    },
    "graph": {
      "Package": "graph",
      "Version": "1.72.0",
      "Source": "Bioconductor",
      "Hash": "008757628d8e6bacfe8f122954d8f024"
    },
    "gridExtra": {
      "Package": "gridExtra",
      "Version": "2.3",
      "Source": "Repository",
      "Repository": "CRAN",
      "Hash": "7d7f283939f563670a697165b2cf5560"
    },
    "gtable": {
      "Package": "gtable",
      "Version": "0.3.0",
      "Source": "Repository",
      "Repository": "CRAN",
      "Hash": "ac5c6baf7822ce8732b343f14c072c4d"
    },
    "gtools": {
      "Package": "gtools",
      "Version": "3.9.2",
      "Source": "Repository",
      "Repository": "CRAN",
      "Hash": "2ace6c4a06297d0b364e0444384a2b82"
    },
    "here": {
      "Package": "here",
      "Version": "1.0.1",
      "Source": "Repository",
      "Repository": "CRAN",
      "Hash": "24b224366f9c2e7534d2344d10d59211"
    },
    "highr": {
      "Package": "highr",
      "Version": "0.9",
      "Source": "Repository",
      "Repository": "CRAN",
      "Hash": "8eb36c8125038e648e5d111c0d7b2ed4"
    },
    "hms": {
      "Package": "hms",
      "Version": "1.1.1",
      "Source": "Repository",
      "Repository": "CRAN",
      "Hash": "5b8a2dd0fdbe2ab4f6081e6c7be6dfca"
    },
    "htmltools": {
      "Package": "htmltools",
      "Version": "0.5.2",
      "Source": "Repository",
      "Repository": "CRAN",
      "Hash": "526c484233f42522278ab06fb185cb26"
    },
    "htmlwidgets": {
      "Package": "htmlwidgets",
      "Version": "1.5.4",
      "Source": "Repository",
      "Repository": "CRAN",
      "Hash": "76147821cd3fcd8c4b04e1ef0498e7fb"
    },
    "httr": {
      "Package": "httr",
      "Version": "1.4.2",
      "Source": "Repository",
      "Repository": "CRAN",
      "Hash": "a525aba14184fec243f9eaec62fbed43"
    },
    "invgamma": {
      "Package": "invgamma",
      "Version": "1.1",
      "Source": "Repository",
      "Repository": "CRAN",
      "Hash": "d124cd1623454d8aeaaec5d67cf1d146"
    },
    "irlba": {
      "Package": "irlba",
      "Version": "2.3.5",
      "Source": "Repository",
      "Repository": "CRAN",
      "Hash": "066c11bb9bc75b343f3de1ecaf3b7ba2"
    },
    "isoband": {
      "Package": "isoband",
      "Version": "0.2.5",
      "Source": "Repository",
      "Repository": "CRAN",
      "Hash": "7ab57a6de7f48a8dc84910d1eca42883"
    },
    "jquerylib": {
      "Package": "jquerylib",
      "Version": "0.1.4",
      "Source": "Repository",
      "Repository": "CRAN",
      "Hash": "5aab57a3bd297eee1c1d862735972182"
    },
    "jsonlite": {
      "Package": "jsonlite",
      "Version": "1.7.2",
      "Source": "Repository",
      "Repository": "CRAN",
      "Hash": "98138e0994d41508c7a6b84a0600cfcb"
    },
    "knitr": {
      "Package": "knitr",
      "Version": "1.37",
      "Source": "Repository",
      "Repository": "CRAN",
      "Hash": "a4ec675eb332a33fe7b7fe26f70e1f98"
    },
    "labeling": {
      "Package": "labeling",
      "Version": "0.4.2",
      "Source": "Repository",
      "Repository": "CRAN",
      "Hash": "3d5108641f47470611a32d0bdf357a72"
    },
    "lambda.r": {
      "Package": "lambda.r",
      "Version": "1.2.4",
      "Source": "Repository",
      "Repository": "CRAN",
      "Hash": "b1e925c4b9ffeb901bacf812cbe9a6ad"
    },
    "later": {
      "Package": "later",
      "Version": "1.3.0",
      "Source": "Repository",
      "Repository": "CRAN",
      "Hash": "7e7b457d7766bc47f2a5f21cc2984f8e"
    },
    "lattice": {
      "Package": "lattice",
      "Version": "0.20-45",
      "Source": "Repository",
      "Repository": "CRAN",
      "Hash": "b64cdbb2b340437c4ee047a1f4c4377b"
    },
    "lazyeval": {
      "Package": "lazyeval",
      "Version": "0.2.2",
      "Source": "Repository",
      "Repository": "CRAN",
      "Hash": "d908914ae53b04d4c0c0fd72ecc35370"
    },
    "lifecycle": {
      "Package": "lifecycle",
      "Version": "1.0.1",
      "Source": "Repository",
      "Repository": "CRAN",
      "Hash": "a6b6d352e3ed897373ab19d8395c98d0"
    },
    "locfit": {
      "Package": "locfit",
      "Version": "1.5-9.4",
      "Source": "Repository",
      "Repository": "CRAN",
      "Hash": "760b5b542e8435237d1b3c253bfe18e7"
    },
    "magrittr": {
      "Package": "magrittr",
      "Version": "2.0.1",
      "Source": "Repository",
      "Repository": "CRAN",
      "Hash": "41287f1ac7d28a92f0a286ed507928d3"
    },
    "maps": {
      "Package": "maps",
      "Version": "3.4.0",
      "Source": "Repository",
      "Repository": "CRAN",
      "Hash": "b3d98a967ec17c80f795719529812fa0"
    },
    "matrixStats": {
      "Package": "matrixStats",
      "Version": "0.61.0",
      "Source": "Repository",
      "Repository": "CRAN",
      "Hash": "b8e6221fc11247b12ab1b055a6f66c27"
    },
    "memoise": {
      "Package": "memoise",
      "Version": "2.0.1",
      "Source": "Repository",
      "Repository": "CRAN",
      "Hash": "e2817ccf4a065c5d9d7f2cfbe7c1d78c"
    },
    "mgcv": {
      "Package": "mgcv",
      "Version": "1.8-38",
      "Source": "Repository",
      "Repository": "CRAN",
      "Hash": "be3c61ffbb1e3d3b3df214d192ac5444"
    },
    "mime": {
      "Package": "mime",
      "Version": "0.12",
      "Source": "Repository",
      "Repository": "CRAN",
      "Hash": "18e9c28c1d3ca1560ce30658b22ce104"
    },
    "mixsqp": {
      "Package": "mixsqp",
      "Version": "0.3-43",
      "Source": "Repository",
      "Repository": "CRAN",
      "Hash": "e1b117daee4dfaebad99ab9a4606dd5d"
    },
    "msigdbr": {
      "Package": "msigdbr",
      "Version": "7.4.1",
      "Source": "Repository",
      "Repository": "CRAN",
      "Hash": "1ed7d54982b0c2eaf3539efa0cd2e0c6"
    },
    "munsell": {
      "Package": "munsell",
      "Version": "0.5.0",
      "Source": "Repository",
      "Repository": "CRAN",
      "Hash": "6dfe8bf774944bd5595785e3229d8771"
    },
    "nlme": {
      "Package": "nlme",
      "Version": "3.1-153",
      "Source": "Repository",
      "Repository": "CRAN",
      "Hash": "2d632e0d963a653a0329756ce701ecdd"
    },
    "openssl": {
      "Package": "openssl",
      "Version": "1.4.6",
      "Source": "Repository",
      "Repository": "CRAN",
      "Hash": "69fdf291af288f32fd4cd93315084ea8"
    },
    "org.Hs.eg.db": {
      "Package": "org.Hs.eg.db",
      "Version": "3.14.0",
      "Source": "Bioconductor",
      "Hash": "c2973e555d388f8aca8857c314bfbd2e"
    },
    "pheatmap": {
      "Package": "pheatmap",
      "Version": "1.0.12",
      "Source": "Repository",
      "Repository": "CRAN",
      "Hash": "db1fb0021811b6693741325bbe916e58"
    },
    "philentropy": {
      "Package": "philentropy",
      "Version": "0.5.0",
      "Source": "Repository",
      "Repository": "CRAN",
      "Hash": "bcceeb32af6075b6c0b2441a615724bd"
    },
    "pillar": {
      "Package": "pillar",
      "Version": "1.6.4",
      "Source": "Repository",
      "Repository": "CRAN",
      "Hash": "60200b6aa32314ac457d3efbb5ccbd98"
    },
    "pkgconfig": {
      "Package": "pkgconfig",
      "Version": "2.0.3",
      "Source": "Repository",
      "Repository": "CRAN",
      "Hash": "01f28d4278f15c76cddbea05899c5d6f"
    },
    "plogr": {
      "Package": "plogr",
      "Version": "0.2.0",
      "Source": "Repository",
      "Repository": "CRAN",
      "Hash": "09eb987710984fc2905c7129c7d85e65"
    },
    "plotly": {
      "Package": "plotly",
      "Version": "4.10.0",
      "Source": "Repository",
      "Repository": "CRAN",
      "Hash": "fbb11e44d057996ca5fe40d959cacfb0"
    },
    "png": {
      "Package": "png",
      "Version": "0.1-7",
      "Source": "Repository",
      "Repository": "CRAN",
      "Hash": "03b7076c234cb3331288919983326c55"
    },
    "prettyunits": {
      "Package": "prettyunits",
      "Version": "1.1.1",
      "Source": "Repository",
      "Repository": "CRAN",
      "Hash": "95ef9167b75dde9d2ccc3c7528393e7e"
    },
    "progress": {
      "Package": "progress",
      "Version": "1.2.2",
      "Source": "Repository",
      "Repository": "CRAN",
      "Hash": "14dc9f7a3c91ebb14ec5bb9208a07061"
    },
    "proj4": {
      "Package": "proj4",
      "Version": "1.0-10.1",
      "Source": "Repository",
      "Repository": "CRAN",
      "Hash": "d25527f72f808fa6a8865b7b0cc4d26c"
    },
    "promises": {
      "Package": "promises",
      "Version": "1.2.0.1",
      "Source": "Repository",
      "Repository": "CRAN",
      "Hash": "4ab2c43adb4d4699cf3690acd378d75d"
    },
    "purrr": {
      "Package": "purrr",
      "Version": "0.3.4",
      "Source": "Repository",
      "Repository": "CRAN",
      "Hash": "97def703420c8ab10d8f0e6c72101e02"
    },
    "ragg": {
      "Package": "ragg",
      "Version": "1.2.1",
      "Source": "Repository",
      "Repository": "CRAN",
      "Hash": "4577b3859de34ffb2938d9a878dcf384"
    },
    "rappdirs": {
      "Package": "rappdirs",
      "Version": "0.3.3",
      "Source": "Repository",
      "Repository": "CRAN",
      "Hash": "5e3c5dc0b071b21fa128676560dbe94d"
    },
    "reactome.db": {
      "Package": "reactome.db",
      "Version": "1.77.0",
      "Source": "Bioconductor",
      "Hash": "ad136ec37228cd6df29805f7aa4bdf4c"
    },
    "readr": {
      "Package": "readr",
      "Version": "2.1.1",
      "Source": "Repository",
      "Repository": "CRAN",
      "Hash": "e9df4b445fca203653f04ece2f97d51e"
    },
    "readxl": {
      "Package": "readxl",
      "Version": "1.3.1",
      "Source": "Repository",
      "Repository": "CRAN",
      "Hash": "63537c483c2dbec8d9e3183b3735254a"
    },
    "rematch": {
      "Package": "rematch",
      "Version": "1.0.1",
      "Source": "Repository",
      "Repository": "CRAN",
      "Hash": "c66b930d20bb6d858cd18e1cebcfae5c"
    },
    "renv": {
      "Package": "renv",
      "Version": "0.14.0",
      "Source": "Repository",
      "Repository": "CRAN",
      "Hash": "30e5eba91b67f7f4d75d31de14bbfbdc"
    },
    "rlang": {
      "Package": "rlang",
      "Version": "0.4.12",
      "Source": "Repository",
      "Repository": "CRAN",
      "Hash": "0879f5388fe6e4d56d7ef0b7ccb031e5"
    },
    "rlist": {
      "Package": "rlist",
      "Version": "0.4.6.2",
      "Source": "Repository",
      "Repository": "CRAN",
      "Hash": "290c8ea0700d2e7258082d0025386e68"
    },
    "rmarkdown": {
      "Package": "rmarkdown",
      "Version": "2.11",
      "Source": "Repository",
      "Repository": "CRAN",
      "Hash": "320017b52d05a943981272b295750388"
    },
    "rprojroot": {
      "Package": "rprojroot",
      "Version": "2.0.2",
      "Source": "Repository",
      "Repository": "CRAN",
      "Hash": "249d8cd1e74a8f6a26194a91b47f21d1"
    },
    "scales": {
      "Package": "scales",
      "Version": "1.1.1",
      "Source": "Repository",
      "Repository": "CRAN",
      "Hash": "6f76f71042411426ec8df6c54f34e6dd"
    },
    "snow": {
      "Package": "snow",
      "Version": "0.4-4",
      "Source": "Repository",
      "Repository": "CRAN",
      "Hash": "40b74690debd20c57d93d8c246b305d4"
    },
    "stringi": {
      "Package": "stringi",
      "Version": "1.7.6",
      "Source": "Repository",
      "Repository": "CRAN",
      "Hash": "bba431031d30789535745a9627ac9271"
    },
    "stringr": {
      "Package": "stringr",
      "Version": "1.4.0",
      "Source": "Repository",
      "Repository": "CRAN",
      "Hash": "0759e6b6c0957edb1311028a49a35e76"
    },
    "survival": {
      "Package": "survival",
      "Version": "3.2-13",
      "Source": "Repository",
      "Repository": "CRAN",
      "Hash": "6f0a0fadc63bc6570fe172770f15bbc4"
    },
    "sys": {
      "Package": "sys",
      "Version": "3.4",
      "Source": "Repository",
      "Repository": "CRAN",
      "Hash": "b227d13e29222b4574486cfcbde077fa"
    },
    "systemfonts": {
      "Package": "systemfonts",
      "Version": "1.0.3",
      "Source": "Repository",
      "Repository": "CRAN",
      "Hash": "5be9fcf8ef6763e8cb13ab009e273a1d"
    },
    "textshaping": {
      "Package": "textshaping",
      "Version": "0.3.6",
      "Source": "Repository",
      "Repository": "CRAN",
      "Hash": "1ab6223d3670fac7143202cb6a2d43d5"
    },
    "tibble": {
      "Package": "tibble",
      "Version": "3.1.6",
      "Source": "Repository",
      "Repository": "CRAN",
      "Hash": "8a8f02d1934dfd6431c671361510dd0b"
    },
    "tidyr": {
      "Package": "tidyr",
      "Version": "1.1.4",
      "Source": "Repository",
      "Repository": "CRAN",
      "Hash": "c8fbdbd9fcac223d6c6fe8e406f368e1"
    },
    "tidyselect": {
      "Package": "tidyselect",
      "Version": "1.1.1",
      "Source": "Repository",
      "Repository": "CRAN",
      "Hash": "7243004a708d06d4716717fa1ff5b2fe"
    },
    "tinytex": {
      "Package": "tinytex",
      "Version": "0.36",
      "Source": "Repository",
      "Repository": "CRAN",
      "Hash": "130fe4c61e55b271a2655b3a284a205f"
    },
    "truncnorm": {
      "Package": "truncnorm",
      "Version": "1.0-8",
      "Source": "Repository",
      "Repository": "CRAN",
      "Hash": "cc8b5bfa01c930ccb56d3051e515fbd8"
    },
    "tzdb": {
      "Package": "tzdb",
      "Version": "0.2.0",
      "Source": "Repository",
      "Repository": "CRAN",
      "Hash": "5e069fb033daf2317bd628d3100b75c5"
    },
    "utf8": {
      "Package": "utf8",
      "Version": "1.2.2",
      "Source": "Repository",
      "Repository": "CRAN",
      "Hash": "c9c462b759a5cc844ae25b5942654d13"
    },
    "vctrs": {
      "Package": "vctrs",
      "Version": "0.3.8",
      "Source": "Repository",
      "Repository": "CRAN",
      "Hash": "ecf749a1b39ea72bd9b51b76292261f1"
    },
    "vipor": {
      "Package": "vipor",
      "Version": "0.4.5",
      "Source": "Repository",
      "Repository": "CRAN",
      "Hash": "ea85683da7f2bfa63a98dc6416892591"
    },
    "viridisLite": {
      "Package": "viridisLite",
      "Version": "0.4.0",
      "Source": "Repository",
      "Repository": "CRAN",
      "Hash": "55e157e2aa88161bdb0754218470d204"
    },
    "vroom": {
      "Package": "vroom",
      "Version": "1.5.7",
      "Source": "Repository",
      "Repository": "CRAN",
      "Hash": "976507b5a105bc3bdf6a5a5f29e0684f"
    },
    "withr": {
      "Package": "withr",
      "Version": "2.4.3",
      "Source": "Repository",
      "Repository": "CRAN",
      "Hash": "a376b424c4817cda4920bbbeb3364e85"
    },
    "xfun": {
      "Package": "xfun",
      "Version": "0.29",
      "Source": "Repository",
      "Repository": "CRAN",
      "Hash": "e2e5fb1a74fbb68b27d6efc5372635dc"
    },
    "xml2": {
      "Package": "xml2",
      "Version": "1.3.3",
      "Source": "Repository",
      "Repository": "CRAN",
      "Hash": "40682ed6a969ea5abfd351eb67833adc"
    },
    "xtable": {
      "Package": "xtable",
      "Version": "1.8-4",
      "Source": "Repository",
      "Repository": "CRAN",
      "Hash": "b8acdf8af494d9ec19ccb2481a9b11c2"
    },
    "yaml": {
      "Package": "yaml",
      "Version": "2.2.1",
      "Source": "Repository",
      "Repository": "CRAN",
      "Hash": "2826c5d9efb0a88f657c7a679c7106db"
    },
    "zlibbioc": {
      "Package": "zlibbioc",
      "Version": "1.40.0",
      "Source": "Bioconductor",
      "Hash": "3598bf6c766b0d2c15d1eefefa26d9ef"
    }
  }
}
